
Microsoft Visual Studio Solution File, Format Version 12.00
# Visual Studio Version 16
VisualStudioVersion = 16.0.29911.84
MinimumVisualStudioVersion = 10.0.40219.1
Project("{FAE04EC0-301F-11D3-BF4B-00C04F79EFBC}") = "TANP.Service", "TANP.Service\TANP.Service.csproj", "{C896857F-600A-4DDC-836C-459EA61D3955}"
EndProject
Project("{FAE04EC0-301F-11D3-BF4B-00C04F79EFBC}") = "TANP.Lib", "TANP.Lib\TANP.Lib.csproj", "{B65EB5C9-ABF9-456C-8A2D-122A301B7930}"
EndProject
Project("{2150E333-8FDC-42A3-9474-1A3956D46DE8}") = "UnitTests", "UnitTests", "{86EEC9F3-446F-4D03-9A3B-F41784AB16E4}"
EndProject
Project("{FAE04EC0-301F-11D3-BF4B-00C04F79EFBC}") = "TANP.Service.UnitTests", "TANP.Service.UnitTests\TANP.Service.UnitTests.csproj", "{C5454741-FD03-4B9A-BD4B-5C04BCA49921}"
EndProject
Project("{FAE04EC0-301F-11D3-BF4B-00C04F79EFBC}") = "TANP.Service.Akka.Tests", "TANP.Service.Akka.Tests\TANP.Service.Akka.Tests.csproj", "{A81DD195-22B6-4D87-97FD-C4BA443BCC15}"
EndProject
Global
	GlobalSection(SolutionConfigurationPlatforms) = preSolution
		Debug|Any CPU = Debug|Any CPU
		Release|Any CPU = Release|Any CPU
	EndGlobalSection
	GlobalSection(ProjectConfigurationPlatforms) = postSolution
		{C896857F-600A-4DDC-836C-459EA61D3955}.Debug|Any CPU.ActiveCfg = Debug|Any CPU
		{C896857F-600A-4DDC-836C-459EA61D3955}.Debug|Any CPU.Build.0 = Debug|Any CPU
		{C896857F-600A-4DDC-836C-459EA61D3955}.Release|Any CPU.ActiveCfg = Release|Any CPU
		{C896857F-600A-4DDC-836C-459EA61D3955}.Release|Any CPU.Build.0 = Release|Any CPU
		{B65EB5C9-ABF9-456C-8A2D-122A301B7930}.Debug|Any CPU.ActiveCfg = Debug|Any CPU
		{B65EB5C9-ABF9-456C-8A2D-122A301B7930}.Debug|Any CPU.Build.0 = Debug|Any CPU
		{B65EB5C9-ABF9-456C-8A2D-122A301B7930}.Release|Any CPU.ActiveCfg = Release|Any CPU
		{B65EB5C9-ABF9-456C-8A2D-122A301B7930}.Release|Any CPU.Build.0 = Release|Any CPU
		{C5454741-FD03-4B9A-BD4B-5C04BCA49921}.Debug|Any CPU.ActiveCfg = Debug|Any CPU
		{C5454741-FD03-4B9A-BD4B-5C04BCA49921}.Debug|Any CPU.Build.0 = Debug|Any CPU
		{C5454741-FD03-4B9A-BD4B-5C04BCA49921}.Release|Any CPU.ActiveCfg = Release|Any CPU
		{C5454741-FD03-4B9A-BD4B-5C04BCA49921}.Release|Any CPU.Build.0 = Release|Any CPU
		{A81DD195-22B6-4D87-97FD-C4BA443BCC15}.Debug|Any CPU.ActiveCfg = Debug|Any CPU
		{A81DD195-22B6-4D87-97FD-C4BA443BCC15}.Debug|Any CPU.Build.0 = Debug|Any CPU
		{A81DD195-22B6-4D87-97FD-C4BA443BCC15}.Release|Any CPU.ActiveCfg = Release|Any CPU
		{A81DD195-22B6-4D87-97FD-C4BA443BCC15}.Release|Any CPU.Build.0 = Release|Any CPU
	EndGlobalSection
	GlobalSection(SolutionProperties) = preSolution
		HideSolutionNode = FALSE
	EndGlobalSection
	GlobalSection(NestedProjects) = preSolution
		{C5454741-FD03-4B9A-BD4B-5C04BCA49921} = {86EEC9F3-446F-4D03-9A3B-F41784AB16E4}
		{A81DD195-22B6-4D87-97FD-C4BA443BCC15} = {86EEC9F3-446F-4D03-9A3B-F41784AB16E4}
	EndGlobalSection
	GlobalSection(ExtensibilityGlobals) = postSolution
		SolutionGuid = {E3BB1A03-64A9-47F0-8415-F4A18A8DB4E2}
	EndGlobalSection
EndGlobal
